
Microsoft Visual Studio Solution File, Format Version 12.00
# Visual Studio Version 17
VisualStudioVersion = 17.0.32112.339
MinimumVisualStudioVersion = 10.0.40219.1
Project("{FAE04EC0-301F-11D3-BF4B-00C04F79EFBC}") = "Checkboxtest", "Checkboxtest.csproj", "{60F12E7F-C9CF-4455-9372-33D2E89F51B3}"
EndProject
Global
	GlobalSection(SolutionConfigurationPlatforms) = preSolution
		Debug|Any CPU = Debug|Any CPU
		Release|Any CPU = Release|Any CPU
	EndGlobalSection
	GlobalSection(ProjectConfigurationPlatforms) = postSolution
		{60F12E7F-C9CF-4455-9372-33D2E89F51B3}.Debug|Any CPU.ActiveCfg = Debug|Any CPU
		{60F12E7F-C9CF-4455-9372-33D2E89F51B3}.Debug|Any CPU.Build.0 = Debug|Any CPU
		{60F12E7F-C9CF-4455-9372-33D2E89F51B3}.Release|Any CPU.ActiveCfg = Release|Any CPU
		{60F12E7F-C9CF-4455-9372-33D2E89F51B3}.Release|Any CPU.Build.0 = Release|Any CPU
	EndGlobalSection
	GlobalSection(SolutionProperties) = preSolution
		HideSolutionNode = FALSE
	EndGlobalSection
	GlobalSection(ExtensibilityGlobals) = postSolution
		SolutionGuid = {EA514210-324E-49BE-B540-0884574B6BC4}
	EndGlobalSection
EndGlobal
