
Microsoft Visual Studio Solution File, Format Version 12.00
# Visual Studio Version 17
VisualStudioVersion = 17.0.32112.339
MinimumVisualStudioVersion = 10.0.40219.1
Project("{00D1A9C2-B5F0-4AF3-8072-F6C62B433612}") = "SampleDbProject", "SampleDbProject.sqlproj", "{E313601F-9CC4-4F48-80EC-5137DDCBDC8A}"
EndProject
Global
	GlobalSection(SolutionConfigurationPlatforms) = preSolution
		Debug|Any CPU = Debug|Any CPU
		Release|Any CPU = Release|Any CPU
	EndGlobalSection
	GlobalSection(ProjectConfigurationPlatforms) = postSolution
		{E313601F-9CC4-4F48-80EC-5137DDCBDC8A}.Debug|Any CPU.ActiveCfg = Debug|Any CPU
		{E313601F-9CC4-4F48-80EC-5137DDCBDC8A}.Debug|Any CPU.Build.0 = Debug|Any CPU
		{E313601F-9CC4-4F48-80EC-5137DDCBDC8A}.Debug|Any CPU.Deploy.0 = Debug|Any CPU
		{E313601F-9CC4-4F48-80EC-5137DDCBDC8A}.Release|Any CPU.ActiveCfg = Release|Any CPU
		{E313601F-9CC4-4F48-80EC-5137DDCBDC8A}.Release|Any CPU.Build.0 = Release|Any CPU
		{E313601F-9CC4-4F48-80EC-5137DDCBDC8A}.Release|Any CPU.Deploy.0 = Release|Any CPU
	EndGlobalSection
	GlobalSection(SolutionProperties) = preSolution
		HideSolutionNode = FALSE
	EndGlobalSection
	GlobalSection(ExtensibilityGlobals) = postSolution
		SolutionGuid = {53EAF65B-A441-4B0F-8E1C-374FBF2A813B}
	EndGlobalSection
EndGlobal
